
Microsoft Visual Studio Solution File, Format Version 12.00
# Visual Studio Version 16
VisualStudioVersion = 16.0.29806.167
MinimumVisualStudioVersion = 10.0.40219.1
Project("{FAE04EC0-301F-11D3-BF4B-00C04F79EFBC}") = "PruebaApi", "PruebaApi\PruebaApi.csproj", "{444A7A1E-6B17-46A8-ABEF-FE200A31B3B0}"
EndProject
Global
	GlobalSection(SolutionConfigurationPlatforms) = preSolution
		Debug|Any CPU = Debug|Any CPU
		Release|Any CPU = Release|Any CPU
	EndGlobalSection
	GlobalSection(ProjectConfigurationPlatforms) = postSolution
		{444A7A1E-6B17-46A8-ABEF-FE200A31B3B0}.Debug|Any CPU.ActiveCfg = Debug|Any CPU
		{444A7A1E-6B17-46A8-ABEF-FE200A31B3B0}.Debug|Any CPU.Build.0 = Debug|Any CPU
		{444A7A1E-6B17-46A8-ABEF-FE200A31B3B0}.Release|Any CPU.ActiveCfg = Release|Any CPU
		{444A7A1E-6B17-46A8-ABEF-FE200A31B3B0}.Release|Any CPU.Build.0 = Release|Any CPU
	EndGlobalSection
	GlobalSection(SolutionProperties) = preSolution
		HideSolutionNode = FALSE
	EndGlobalSection
	GlobalSection(ExtensibilityGlobals) = postSolution
		SolutionGuid = {BA6F0765-47AF-4357-B9D1-2E1ACE0FB3B7}
	EndGlobalSection
EndGlobal
